PATH
  remote: .
  specs:
    honeymaker (0.7.6)
      bigdecimal
      faraday (~> 2.0)
      faraday-net_http_persistent (~> 2.0)
      jwt (~> 2.0)
      net-http-persistent (~> 4.0)

GEM
  remote: https://rubygems.org/
  specs:
    base64 (0.3.0)
    bigdecimal (4.1.2)
    connection_pool (3.0.2)
    faraday (2.14.1)
      faraday-net_http (>= 2.0, < 3.5)
      json
      logger
    faraday-net_http (3.4.2)
      net-http (~> 0.5)
    faraday-net_http_persistent (2.3.1)
      faraday (~> 2.5)
      net-http-persistent (>= 4.0.4, < 5)
    json (2.19.4)
    jwt (2.10.2)
      base64
    logger (1.7.0)
    minitest (5.27.0)
    mocha (2.8.2)
      ruby2_keywords (>= 0.0.5)
    net-http (0.9.1)
      uri (>= 0.11.1)
    net-http-persistent (4.0.8)
      connection_pool (>= 2.2.4, < 4)
    ostruct (0.6.3)
    rake (13.4.2)
    ruby2_keywords (0.0.5)
    uri (1.1.1)

PLATFORMS
  arm64-darwin-24
  ruby

DEPENDENCIES
  honeymaker!
  minitest (~> 5.0)
  mocha (~> 2.0)
  ostruct
  rake (~> 13.0)

CHECKSUMS
  base64 (0.3.0) sha256=27337aeabad6ffae05c265c450490628ef3ebd4b67be58257393227588f5a97b
  bigdecimal (4.1.2) sha256=53d217666027eab4280346fba98e7d5b66baaae1b9c3c1c0ffe89d48188a3fbd
  connection_pool (3.0.2) sha256=33fff5ba71a12d2aa26cb72b1db8bba2a1a01823559fb01d29eb74c286e62e0a
  faraday (2.14.1) sha256=a43cceedc1e39d188f4d2cdd360a8aaa6a11da0c407052e426ba8d3fb42ef61c
  faraday-net_http (3.4.2) sha256=f147758260d3526939bf57ecf911682f94926a3666502e24c69992765875906c
  faraday-net_http_persistent (2.3.1) sha256=23ffba37d6a27807a10f033d01918ec958aa73fa6ff0fccfbcd5ce2d2e68fca3
  honeymaker (0.7.6)
  json (2.19.4) sha256=670a7d333fb3b18ca5b29cb255eb7bef099e40d88c02c80bd42a3f30fe5239ac
  jwt (2.10.2) sha256=31e1ee46f7359883d5e622446969fe9c118c3da87a0b1dca765ce269c3a0c4f4
  logger (1.7.0) sha256=196edec7cc44b66cfb40f9755ce11b392f21f7967696af15d274dde7edff0203
  minitest (5.27.0) sha256=2d3b17f8a36fe7801c1adcffdbc38233b938eb0b4966e97a6739055a45fa77d5
  mocha (2.8.2) sha256=1f77e729db47e72b4ef776461ce20caeec2572ffdf23365b0a03608fee8f4eee
  net-http (0.9.1) sha256=25ba0b67c63e89df626ed8fac771d0ad24ad151a858af2cc8e6a716ca4336996
  net-http-persistent (4.0.8) sha256=ef3de8319d691537b329053fae3a33195f8b070bbbfae8bf1a58c796081960e6
  ostruct (0.6.3) sha256=95a2ed4a4bd1d190784e666b47b2d3f078e4a9efda2fccf18f84ddc6538ed912
  rake (13.4.2) sha256=cb825b2bd5f1f8e91ca37bddb4b9aaf345551b4731da62949be002fa89283701
  ruby2_keywords (0.0.5) sha256=ffd13740c573b7301cf7a2e61fc857b2a8e3d3aff32545d6f8300d8bae10e3ef
  uri (1.1.1) sha256=379fa58d27ffb1387eaada68c749d1426738bd0f654d812fcc07e7568f5c57c6

BUNDLED WITH
  4.0.5
